
Microsoft Visual Studio Solution File, Format Version 12.00
# Visual Studio Version 17
VisualStudioVersion = 17.4.33213.308
MinimumVisualStudioVersion = 10.0.40219.1
Project("{FAE04EC0-301F-11D3-BF4B-00C04F79EFBC}") = "LearnSql.PontoDeAprendizagem", "LearnSql.PontoDeAprendizagem\LearnSql.PontoDeAprendizagem.csproj", "{2FBE246D-C0F7-4ED5-934B-450E42DA6969}"
EndProject
Global
	GlobalSection(SolutionConfigurationPlatforms) = preSolution
		Debug|Any CPU = Debug|Any CPU
		Release|Any CPU = Release|Any CPU
	EndGlobalSection
	GlobalSection(ProjectConfigurationPlatforms) = postSolution
		{2FBE246D-C0F7-4ED5-934B-450E42DA6969}.Debug|Any CPU.ActiveCfg = Debug|Any CPU
		{2FBE246D-C0F7-4ED5-934B-450E42DA6969}.Debug|Any CPU.Build.0 = Debug|Any CPU
		{2FBE246D-C0F7-4ED5-934B-450E42DA6969}.Release|Any CPU.ActiveCfg = Release|Any CPU
		{2FBE246D-C0F7-4ED5-934B-450E42DA6969}.Release|Any CPU.Build.0 = Release|Any CPU
	EndGlobalSection
	GlobalSection(SolutionProperties) = preSolution
		HideSolutionNode = FALSE
	EndGlobalSection
	GlobalSection(ExtensibilityGlobals) = postSolution
		SolutionGuid = {9071E612-8CAF-49BA-9D0D-3222213A2A2D}
	EndGlobalSection
EndGlobal
